
Microsoft Visual Studio Solution File, Format Version 12.00
# Visual Studio Version 17
VisualStudioVersion = 17.6.33829.357
MinimumVisualStudioVersion = 10.0.40219.1
Project("{FAE04EC0-301F-11D3-BF4B-00C04F79EFBC}") = "Fachion", "Fachion\Fachion.csproj", "{A399ED79-9C68-485B-9344-FFBDA24BF911}"
EndProject
Global
	GlobalSection(SolutionConfigurationPlatforms) = preSolution
		Debug|Any CPU = Debug|Any CPU
		Release|Any CPU = Release|Any CPU
	EndGlobalSection
	GlobalSection(ProjectConfigurationPlatforms) = postSolution
		{A399ED79-9C68-485B-9344-FFBDA24BF911}.Debug|Any CPU.ActiveCfg = Debug|Any CPU
		{A399ED79-9C68-485B-9344-FFBDA24BF911}.Debug|Any CPU.Build.0 = Debug|Any CPU
		{A399ED79-9C68-485B-9344-FFBDA24BF911}.Release|Any CPU.ActiveCfg = Release|Any CPU
		{A399ED79-9C68-485B-9344-FFBDA24BF911}.Release|Any CPU.Build.0 = Release|Any CPU
	EndGlobalSection
	GlobalSection(SolutionProperties) = preSolution
		HideSolutionNode = FALSE
	EndGlobalSection
	GlobalSection(ExtensibilityGlobals) = postSolution
		SolutionGuid = {7B562232-BB24-4A1E-B3FE-45BF44961C65}
	EndGlobalSection
EndGlobal
